
Microsoft Visual Studio Solution File, Format Version 12.00
# Visual Studio 15
VisualStudioVersion = 15.0.28307.572
MinimumVisualStudioVersion = 10.0.40219.1
Project("{9A19103F-16F7-4668-BE54-9A1E7A4F7556}") = "Vs Cleaner", "Vs Cleaner\Vs Cleaner.csproj", "{2C70C616-82B9-4A64-B540-EE15B86434B1}"
EndProject
Project("{FAE04EC0-301F-11D3-BF4B-00C04F79EFBC}") = "Vs Cleaner.Wpf", "Vs Cleaner.Wpf\Vs Cleaner.Wpf.csproj", "{18D6826F-0590-4C6B-9B87-6911435CB6E9}"
EndProject
Global
	GlobalSection(SolutionConfigurationPlatforms) = preSolution
		Debug|Any CPU = Debug|Any CPU
		Release|Any CPU = Release|Any CPU
	EndGlobalSection
	GlobalSection(ProjectConfigurationPlatforms) = postSolution
		{2C70C616-82B9-4A64-B540-EE15B86434B1}.Debug|Any CPU.ActiveCfg = Debug|Any CPU
		{2C70C616-82B9-4A64-B540-EE15B86434B1}.Debug|Any CPU.Build.0 = Debug|Any CPU
		{2C70C616-82B9-4A64-B540-EE15B86434B1}.Release|Any CPU.ActiveCfg = Release|Any CPU
		{2C70C616-82B9-4A64-B540-EE15B86434B1}.Release|Any CPU.Build.0 = Release|Any CPU
		{18D6826F-0590-4C6B-9B87-6911435CB6E9}.Debug|Any CPU.ActiveCfg = Debug|Any CPU
		{18D6826F-0590-4C6B-9B87-6911435CB6E9}.Debug|Any CPU.Build.0 = Debug|Any CPU
		{18D6826F-0590-4C6B-9B87-6911435CB6E9}.Release|Any CPU.ActiveCfg = Release|Any CPU
		{18D6826F-0590-4C6B-9B87-6911435CB6E9}.Release|Any CPU.Build.0 = Release|Any CPU
	EndGlobalSection
	GlobalSection(SolutionProperties) = preSolution
		HideSolutionNode = FALSE
	EndGlobalSection
	GlobalSection(ExtensibilityGlobals) = postSolution
		SolutionGuid = {78B51898-4FF1-43A1-AD36-7B4AB1138E66}
	EndGlobalSection
EndGlobal
